
Microsoft Visual Studio Solution File, Format Version 12.00
# Visual Studio Version 16
VisualStudioVersion = 16.0.29806.167
MinimumVisualStudioVersion = 15.0.26124.0
Project("{2150E333-8FDC-42A3-9474-1A3956D46DE8}") = "src", "src", "{221FF20F-C254-4B20-84EF-8979931E3389}"
EndProject
Project("{9A19103F-16F7-4668-BE54-9A1E7A4F7556}") = "Activioo.Infrastructure", "src\Activioo.Infrastructure\Activioo.Infrastructure.csproj", "{4E770849-E703-4979-8B38-4D25526C6326}"
EndProject
Project("{9A19103F-16F7-4668-BE54-9A1E7A4F7556}") = "Activioo.API", "src\Activioo.API\Activioo.API.csproj", "{53FBB4BD-D63E-4623-8CA3-8FAD7DD0EDF4}"
EndProject
Project("{9A19103F-16F7-4668-BE54-9A1E7A4F7556}") = "Activioo.Domain", "src\Activioo.Domain\Activioo.Domain.csproj", "{F3989E94-D7C3-470F-919B-4BF0A84D2387}"
EndProject
Global
	GlobalSection(SolutionConfigurationPlatforms) = preSolution
		Debug|Any CPU = Debug|Any CPU
		Debug|x64 = Debug|x64
		Debug|x86 = Debug|x86
		Release|Any CPU = Release|Any CPU
		Release|x64 = Release|x64
		Release|x86 = Release|x86
	EndGlobalSection
	GlobalSection(ProjectConfigurationPlatforms) = postSolution
		{4E770849-E703-4979-8B38-4D25526C6326}.Debug|Any CPU.ActiveCfg = Debug|Any CPU
		{4E770849-E703-4979-8B38-4D25526C6326}.Debug|Any CPU.Build.0 = Debug|Any CPU
		{4E770849-E703-4979-8B38-4D25526C6326}.Debug|x64.ActiveCfg = Debug|Any CPU
		{4E770849-E703-4979-8B38-4D25526C6326}.Debug|x64.Build.0 = Debug|Any CPU
		{4E770849-E703-4979-8B38-4D25526C6326}.Debug|x86.ActiveCfg = Debug|Any CPU
		{4E770849-E703-4979-8B38-4D25526C6326}.Debug|x86.Build.0 = Debug|Any CPU
		{4E770849-E703-4979-8B38-4D25526C6326}.Release|Any CPU.ActiveCfg = Release|Any CPU
		{4E770849-E703-4979-8B38-4D25526C6326}.Release|Any CPU.Build.0 = Release|Any CPU
		{4E770849-E703-4979-8B38-4D25526C6326}.Release|x64.ActiveCfg = Release|Any CPU
		{4E770849-E703-4979-8B38-4D25526C6326}.Release|x64.Build.0 = Release|Any CPU
		{4E770849-E703-4979-8B38-4D25526C6326}.Release|x86.ActiveCfg = Release|Any CPU
		{4E770849-E703-4979-8B38-4D25526C6326}.Release|x86.Build.0 = Release|Any CPU
		{53FBB4BD-D63E-4623-8CA3-8FAD7DD0EDF4}.Debug|Any CPU.ActiveCfg = Debug|Any CPU
		{53FBB4BD-D63E-4623-8CA3-8FAD7DD0EDF4}.Debug|Any CPU.Build.0 = Debug|Any CPU
		{53FBB4BD-D63E-4623-8CA3-8FAD7DD0EDF4}.Debug|x64.ActiveCfg = Debug|Any CPU
		{53FBB4BD-D63E-4623-8CA3-8FAD7DD0EDF4}.Debug|x64.Build.0 = Debug|Any CPU
		{53FBB4BD-D63E-4623-8CA3-8FAD7DD0EDF4}.Debug|x86.ActiveCfg = Debug|Any CPU
		{53FBB4BD-D63E-4623-8CA3-8FAD7DD0EDF4}.Debug|x86.Build.0 = Debug|Any CPU
		{53FBB4BD-D63E-4623-8CA3-8FAD7DD0EDF4}.Release|Any CPU.ActiveCfg = Release|Any CPU
		{53FBB4BD-D63E-4623-8CA3-8FAD7DD0EDF4}.Release|Any CPU.Build.0 = Release|Any CPU
		{53FBB4BD-D63E-4623-8CA3-8FAD7DD0EDF4}.Release|x64.ActiveCfg = Release|Any CPU
		{53FBB4BD-D63E-4623-8CA3-8FAD7DD0EDF4}.Release|x64.Build.0 = Release|Any CPU
		{53FBB4BD-D63E-4623-8CA3-8FAD7DD0EDF4}.Release|x86.ActiveCfg = Release|Any CPU
		{53FBB4BD-D63E-4623-8CA3-8FAD7DD0EDF4}.Release|x86.Build.0 = Release|Any CPU
		{F3989E94-D7C3-470F-919B-4BF0A84D2387}.Debug|Any CPU.ActiveCfg = Debug|Any CPU
		{F3989E94-D7C3-470F-919B-4BF0A84D2387}.Debug|Any CPU.Build.0 = Debug|Any CPU
		{F3989E94-D7C3-470F-919B-4BF0A84D2387}.Debug|x64.ActiveCfg = Debug|Any CPU
		{F3989E94-D7C3-470F-919B-4BF0A84D2387}.Debug|x64.Build.0 = Debug|Any CPU
		{F3989E94-D7C3-470F-919B-4BF0A84D2387}.Debug|x86.ActiveCfg = Debug|Any CPU
		{F3989E94-D7C3-470F-919B-4BF0A84D2387}.Debug|x86.Build.0 = Debug|Any CPU
		{F3989E94-D7C3-470F-919B-4BF0A84D2387}.Release|Any CPU.ActiveCfg = Release|Any CPU
		{F3989E94-D7C3-470F-919B-4BF0A84D2387}.Release|Any CPU.Build.0 = Release|Any CPU
		{F3989E94-D7C3-470F-919B-4BF0A84D2387}.Release|x64.ActiveCfg = Release|Any CPU
		{F3989E94-D7C3-470F-919B-4BF0A84D2387}.Release|x64.Build.0 = Release|Any CPU
		{F3989E94-D7C3-470F-919B-4BF0A84D2387}.Release|x86.ActiveCfg = Release|Any CPU
		{F3989E94-D7C3-470F-919B-4BF0A84D2387}.Release|x86.Build.0 = Release|Any CPU
	EndGlobalSection
	GlobalSection(SolutionProperties) = preSolution
		HideSolutionNode = FALSE
	EndGlobalSection
	GlobalSection(NestedProjects) = preSolution
		{4E770849-E703-4979-8B38-4D25526C6326} = {221FF20F-C254-4B20-84EF-8979931E3389}
		{53FBB4BD-D63E-4623-8CA3-8FAD7DD0EDF4} = {221FF20F-C254-4B20-84EF-8979931E3389}
		{F3989E94-D7C3-470F-919B-4BF0A84D2387} = {221FF20F-C254-4B20-84EF-8979931E3389}
	EndGlobalSection
	GlobalSection(ExtensibilityGlobals) = postSolution
		SolutionGuid = {6E706DCB-0EC7-403C-833A-7EB866B62EEE}
	EndGlobalSection
EndGlobal
