
Microsoft Visual Studio Solution File, Format Version 12.00
# Visual Studio 15
VisualStudioVersion = 15.0.26124.0
MinimumVisualStudioVersion = 15.0.26124.0
Project("{2150E333-8FDC-42A3-9474-1A3956D46DE8}") = "src", "src", "{162E2B60-20A3-49B1-AF8F-45CCEECA60B6}"
EndProject
Project("{FAE04EC0-301F-11D3-BF4B-00C04F79EFBC}") = "Activioo.API", "src\Activioo.API\Activioo.API.csproj", "{20B7301D-B8B3-40B2-B194-883C9FEBC788}"
EndProject
Project("{FAE04EC0-301F-11D3-BF4B-00C04F79EFBC}") = "Activioo.Domain", "src\Activioo.Domain\Activioo.Domain.csproj", "{4E63DA98-140B-4ACD-8177-6656E560E47E}"
EndProject
Project("{FAE04EC0-301F-11D3-BF4B-00C04F79EFBC}") = "Activioo.Infrastructure", "src\Activioo.Infrastructure\Activioo.Infrastructure.csproj", "{3FBE7477-DE4E-4E25-8E47-FD720FB37F32}"
EndProject
Project("{FAE04EC0-301F-11D3-BF4B-00C04F79EFBC}") = "Activioo.Services", "src\Activioo.Services\Activioo.Services.csproj", "{748745E5-31EE-4046-BA85-5FBABB88B416}"
EndProject
Global
	GlobalSection(SolutionConfigurationPlatforms) = preSolution
		Debug|Any CPU = Debug|Any CPU
		Debug|x64 = Debug|x64
		Debug|x86 = Debug|x86
		Release|Any CPU = Release|Any CPU
		Release|x64 = Release|x64
		Release|x86 = Release|x86
	EndGlobalSection
	GlobalSection(SolutionProperties) = preSolution
		HideSolutionNode = FALSE
	EndGlobalSection
	GlobalSection(ProjectConfigurationPlatforms) = postSolution
		{20B7301D-B8B3-40B2-B194-883C9FEBC788}.Debug|Any CPU.ActiveCfg = Debug|Any CPU
		{20B7301D-B8B3-40B2-B194-883C9FEBC788}.Debug|Any CPU.Build.0 = Debug|Any CPU
		{20B7301D-B8B3-40B2-B194-883C9FEBC788}.Debug|x64.ActiveCfg = Debug|Any CPU
		{20B7301D-B8B3-40B2-B194-883C9FEBC788}.Debug|x64.Build.0 = Debug|Any CPU
		{20B7301D-B8B3-40B2-B194-883C9FEBC788}.Debug|x86.ActiveCfg = Debug|Any CPU
		{20B7301D-B8B3-40B2-B194-883C9FEBC788}.Debug|x86.Build.0 = Debug|Any CPU
		{20B7301D-B8B3-40B2-B194-883C9FEBC788}.Release|Any CPU.ActiveCfg = Release|Any CPU
		{20B7301D-B8B3-40B2-B194-883C9FEBC788}.Release|Any CPU.Build.0 = Release|Any CPU
		{20B7301D-B8B3-40B2-B194-883C9FEBC788}.Release|x64.ActiveCfg = Release|Any CPU
		{20B7301D-B8B3-40B2-B194-883C9FEBC788}.Release|x64.Build.0 = Release|Any CPU
		{20B7301D-B8B3-40B2-B194-883C9FEBC788}.Release|x86.ActiveCfg = Release|Any CPU
		{20B7301D-B8B3-40B2-B194-883C9FEBC788}.Release|x86.Build.0 = Release|Any CPU
		{4E63DA98-140B-4ACD-8177-6656E560E47E}.Debug|Any CPU.ActiveCfg = Debug|Any CPU
		{4E63DA98-140B-4ACD-8177-6656E560E47E}.Debug|Any CPU.Build.0 = Debug|Any CPU
		{4E63DA98-140B-4ACD-8177-6656E560E47E}.Debug|x64.ActiveCfg = Debug|Any CPU
		{4E63DA98-140B-4ACD-8177-6656E560E47E}.Debug|x64.Build.0 = Debug|Any CPU
		{4E63DA98-140B-4ACD-8177-6656E560E47E}.Debug|x86.ActiveCfg = Debug|Any CPU
		{4E63DA98-140B-4ACD-8177-6656E560E47E}.Debug|x86.Build.0 = Debug|Any CPU
		{4E63DA98-140B-4ACD-8177-6656E560E47E}.Release|Any CPU.ActiveCfg = Release|Any CPU
		{4E63DA98-140B-4ACD-8177-6656E560E47E}.Release|Any CPU.Build.0 = Release|Any CPU
		{4E63DA98-140B-4ACD-8177-6656E560E47E}.Release|x64.ActiveCfg = Release|Any CPU
		{4E63DA98-140B-4ACD-8177-6656E560E47E}.Release|x64.Build.0 = Release|Any CPU
		{4E63DA98-140B-4ACD-8177-6656E560E47E}.Release|x86.ActiveCfg = Release|Any CPU
		{4E63DA98-140B-4ACD-8177-6656E560E47E}.Release|x86.Build.0 = Release|Any CPU
		{3FBE7477-DE4E-4E25-8E47-FD720FB37F32}.Debug|Any CPU.ActiveCfg = Debug|Any CPU
		{3FBE7477-DE4E-4E25-8E47-FD720FB37F32}.Debug|Any CPU.Build.0 = Debug|Any CPU
		{3FBE7477-DE4E-4E25-8E47-FD720FB37F32}.Debug|x64.ActiveCfg = Debug|Any CPU
		{3FBE7477-DE4E-4E25-8E47-FD720FB37F32}.Debug|x64.Build.0 = Debug|Any CPU
		{3FBE7477-DE4E-4E25-8E47-FD720FB37F32}.Debug|x86.ActiveCfg = Debug|Any CPU
		{3FBE7477-DE4E-4E25-8E47-FD720FB37F32}.Debug|x86.Build.0 = Debug|Any CPU
		{3FBE7477-DE4E-4E25-8E47-FD720FB37F32}.Release|Any CPU.ActiveCfg = Release|Any CPU
		{3FBE7477-DE4E-4E25-8E47-FD720FB37F32}.Release|Any CPU.Build.0 = Release|Any CPU
		{3FBE7477-DE4E-4E25-8E47-FD720FB37F32}.Release|x64.ActiveCfg = Release|Any CPU
		{3FBE7477-DE4E-4E25-8E47-FD720FB37F32}.Release|x64.Build.0 = Release|Any CPU
		{3FBE7477-DE4E-4E25-8E47-FD720FB37F32}.Release|x86.ActiveCfg = Release|Any CPU
		{3FBE7477-DE4E-4E25-8E47-FD720FB37F32}.Release|x86.Build.0 = Release|Any CPU
		{748745E5-31EE-4046-BA85-5FBABB88B416}.Debug|Any CPU.ActiveCfg = Debug|Any CPU
		{748745E5-31EE-4046-BA85-5FBABB88B416}.Debug|Any CPU.Build.0 = Debug|Any CPU
		{748745E5-31EE-4046-BA85-5FBABB88B416}.Debug|x64.ActiveCfg = Debug|Any CPU
		{748745E5-31EE-4046-BA85-5FBABB88B416}.Debug|x64.Build.0 = Debug|Any CPU
		{748745E5-31EE-4046-BA85-5FBABB88B416}.Debug|x86.ActiveCfg = Debug|Any CPU
		{748745E5-31EE-4046-BA85-5FBABB88B416}.Debug|x86.Build.0 = Debug|Any CPU
		{748745E5-31EE-4046-BA85-5FBABB88B416}.Release|Any CPU.ActiveCfg = Release|Any CPU
		{748745E5-31EE-4046-BA85-5FBABB88B416}.Release|Any CPU.Build.0 = Release|Any CPU
		{748745E5-31EE-4046-BA85-5FBABB88B416}.Release|x64.ActiveCfg = Release|Any CPU
		{748745E5-31EE-4046-BA85-5FBABB88B416}.Release|x64.Build.0 = Release|Any CPU
		{748745E5-31EE-4046-BA85-5FBABB88B416}.Release|x86.ActiveCfg = Release|Any CPU
		{748745E5-31EE-4046-BA85-5FBABB88B416}.Release|x86.Build.0 = Release|Any CPU
	EndGlobalSection
	GlobalSection(NestedProjects) = preSolution
		{20B7301D-B8B3-40B2-B194-883C9FEBC788} = {162E2B60-20A3-49B1-AF8F-45CCEECA60B6}
		{4E63DA98-140B-4ACD-8177-6656E560E47E} = {162E2B60-20A3-49B1-AF8F-45CCEECA60B6}
		{3FBE7477-DE4E-4E25-8E47-FD720FB37F32} = {162E2B60-20A3-49B1-AF8F-45CCEECA60B6}
		{748745E5-31EE-4046-BA85-5FBABB88B416} = {162E2B60-20A3-49B1-AF8F-45CCEECA60B6}
	EndGlobalSection
EndGlobal
